
Microsoft Visual Studio Solution File, Format Version 12.00
# Visual Studio Version 17
VisualStudioVersion = 17.0.32112.339
MinimumVisualStudioVersion = 10.0.40219.1
Project("{9A19103F-16F7-4668-BE54-9A1E7A4F7556}") = "CongratsApp", "CongratsApp.csproj", "{4B36D498-03B6-4BA7-AF12-03E31F8D8143}"
EndProject
Project("{2150E333-8FDC-42A3-9474-1A3956D46DE8}") = "Solution Items", "Solution Items", "{6C57F1B3-EAA7-4565-B259-4F12B0FAD622}"
	ProjectSection(SolutionItems) = preProject
		.editorconfig = .editorconfig
	EndProjectSection
EndProject
Global
	GlobalSection(SolutionConfigurationPlatforms) = preSolution
		Debug|Any CPU = Debug|Any CPU
		Release|Any CPU = Release|Any CPU
	EndGlobalSection
	GlobalSection(ProjectConfigurationPlatforms) = postSolution
		{4B36D498-03B6-4BA7-AF12-03E31F8D8143}.Debug|Any CPU.ActiveCfg = Debug|Any CPU
		{4B36D498-03B6-4BA7-AF12-03E31F8D8143}.Debug|Any CPU.Build.0 = Debug|Any CPU
		{4B36D498-03B6-4BA7-AF12-03E31F8D8143}.Release|Any CPU.ActiveCfg = Release|Any CPU
		{4B36D498-03B6-4BA7-AF12-03E31F8D8143}.Release|Any CPU.Build.0 = Release|Any CPU
	EndGlobalSection
	GlobalSection(SolutionProperties) = preSolution
		HideSolutionNode = FALSE
	EndGlobalSection
	GlobalSection(ExtensibilityGlobals) = postSolution
		SolutionGuid = {CD9C7BC4-BD51-4709-B923-FC9143A8E3EF}
	EndGlobalSection
EndGlobal
